
Microsoft Visual Studio Solution File, Format Version 12.00
# Visual Studio Version 17
VisualStudioVersion = 17.5.33516.290
MinimumVisualStudioVersion = 10.0.40219.1
Project("{FAE04EC0-301F-11D3-BF4B-00C04F79EFBC}") = "DatingApp", "DatingApp\DatingApp.csproj", "{A3E8C23C-463D-40EC-8BB5-0BC5E3E6D31C}"
EndProject
Global
	GlobalSection(SolutionConfigurationPlatforms) = preSolution
		Debug|Any CPU = Debug|Any CPU
		Release|Any CPU = Release|Any CPU
	EndGlobalSection
	GlobalSection(ProjectConfigurationPlatforms) = postSolution
		{A3E8C23C-463D-40EC-8BB5-0BC5E3E6D31C}.Debug|Any CPU.ActiveCfg = Debug|Any CPU
		{A3E8C23C-463D-40EC-8BB5-0BC5E3E6D31C}.Debug|Any CPU.Build.0 = Debug|Any CPU
		{A3E8C23C-463D-40EC-8BB5-0BC5E3E6D31C}.Release|Any CPU.ActiveCfg = Release|Any CPU
		{A3E8C23C-463D-40EC-8BB5-0BC5E3E6D31C}.Release|Any CPU.Build.0 = Release|Any CPU
	EndGlobalSection
	GlobalSection(SolutionProperties) = preSolution
		HideSolutionNode = FALSE
	EndGlobalSection
	GlobalSection(ExtensibilityGlobals) = postSolution
		SolutionGuid = {4AC4DA0A-E844-428A-88E1-27E5D85CE3C8}
	EndGlobalSection
EndGlobal
